// !$*UTF8*$!
{
	archiveVersion = 1;
	classes = {
	};
	objectVersion = 50;
	objects = {

/* Begin PBXBuildFile section */
		00B32AD7257A5F0600BE1EE5 /* ParallaxCarouselApp.swift in Sources */ = {isa = PBXBuildFile; fileRef = 00B32AC4257A5F0600BE1EE5 /* ParallaxCarouselApp.swift */; };
		00B32AD8257A5F0600BE1EE5 /* ParallaxCarouselApp.swift in Sources */ = {isa = PBXBuildFile; fileRef = 00B32AC4257A5F0600BE1EE5 /* ParallaxCarouselApp.swift */; };
		00B32AD9257A5F0600BE1EE5 /* ContentView.swift in Sources */ = {isa = PBXBuildFile; fileRef = 00B32AC5257A5F0600BE1EE5 /* ContentView.swift */; };
		00B32ADA257A5F0600BE1EE5 /* ContentView.swift in Sources */ = {isa = PBXBuildFile; fileRef = 00B32AC5257A5F0600BE1EE5 /* ContentView.swift */; };
		00B32AE8257A5F6900BE1EE5 /* Home.swift in Sources */ = {isa = PBXBuildFile; fileRef = 00B32AE7257A5F6900BE1EE5 /* Home.swift */; };
		00B32AE9257A5F6900BE1EE5 /* Home.swift in Sources */ = {isa = PBXBuildFile; fileRef = 00B32AE7257A5F6900BE1EE5 /* Home.swift */; };
		00B32AF1257A5FC100BE1EE5 /* Assets.xcassets in Resources */ = {isa = PBXBuildFile; fileRef = 00B32AF0257A5FC100BE1EE5 /* Assets.xcassets */; };
		00B32AF2257A5FC100BE1EE5 /* Assets.xcassets in Resources */ = {isa = PBXBuildFile; fileRef = 00B32AF0257A5FC100BE1EE5 /* Assets.xcassets */; };
/* End PBXBuildFile section */

/* Begin PBXFileReference section */
		00B32AC4257A5F0600BE1EE5 /* ParallaxCarouselApp.swift */ = {isa = PBXFileReference; lastKnownFileType = sourcecode.swift; path = ParallaxCarouselApp.swift; sourceTree = "<group>"; };
		00B32AC5257A5F0600BE1EE5 /* ContentView.swift */ = {isa = PBXFileReference; lastKnownFileType = sourcecode.swift; path = ContentView.swift; sourceTree = "<group>"; };
		00B32ACB257A5F0600BE1EE5 /* ParallaxCarousel.app */ = {isa = PBXFileReference; explicitFileType = wrapper.application; includeInIndex = 0; path = ParallaxCarousel.app; sourceTree = BUILT_PRODUCTS_DIR; };
		00B32ACE257A5F0600BE1EE5 /* Info.plist */ = {isa = PBXFileReference; lastKnownFileType = text.plist.xml; path = Info.plist; sourceTree = "<group>"; };
		00B32AD3257A5F0600BE1EE5 /* ParallaxCarousel.app */ = {isa = PBXFileReference; explicitFileType = wrapper.application; includeInIndex = 0; path = ParallaxCarousel.app; sourceTree = BUILT_PRODUCTS_DIR; };
		00B32AD5257A5F0600BE1EE5 /* Info.plist */ = {isa = PBXFileReference; lastKnownFileType = text.plist.xml; path = Info.plist; sourceTree = "<group>"; };
		00B32AD6257A5F0600BE1EE5 /* macOS.entitlements */ = {isa = PBXFileReference; lastKnownFileType = text.plist.entitlements; path = macOS.entitlements; sourceTree = "<group>"; };
		00B32AE7257A5F6900BE1EE5 /* Home.swift */ = {isa = PBXFileReference; lastKnownFileType = sourcecode.swift; path = Home.swift; sourceTree = "<group>"; };
		00B32AF0257A5FC100BE1EE5 /* Assets.xcassets */ = {isa = PBXFileReference; lastKnownFileType = folder.assetcatalog; path = Assets.xcassets; sourceTree = "<group>"; };
/* End PBXFileReference section */

/* Begin PBXFrameworksBuildPhase section */
		00B32AC8257A5F0600BE1EE5 /* Frameworks */ = {
			isa = PBXFrameworksBuildPhase;
			buildActionMask = 2147483647;
			files = (
			);
			runOnlyForDeploymentPostprocessing = 0;
		};
		00B32AD0257A5F0600BE1EE5 /* Frameworks */ = {
			isa = PBXFrameworksBuildPhase;
			buildActionMask = 2147483647;
			files = (
			);
			runOnlyForDeploymentPostprocessing = 0;
		};
/* End PBXFrameworksBuildPhase section */

/* Begin PBXGroup section */
		00B32ABE257A5F0500BE1EE5 = {
			isa = PBXGroup;
			children = (
				00B32AC3257A5F0600BE1EE5 /* Shared */,
				00B32ACD257A5F0600BE1EE5 /* iOS */,
				00B32AD4257A5F0600BE1EE5 /* macOS */,
				00B32ACC257A5F0600BE1EE5 /* Products */,
			);
			sourceTree = "<group>";
		};
		00B32AC3257A5F0600BE1EE5 /* Shared */ = {
			isa = PBXGroup;
			children = (
				00B32AC4257A5F0600BE1EE5 /* ParallaxCarouselApp.swift */,
				00B32AC5257A5F0600BE1EE5 /* ContentView.swift */,
				00B32AE7257A5F6900BE1EE5 /* Home.swift */,
				00B32AF0257A5FC100BE1EE5 /* Assets.xcassets */,
			);
			path = Shared;
			sourceTree = "<group>";
		};
		00B32ACC257A5F0600BE1EE5 /* Products */ = {
			isa = PBXGroup;
			children = (
				00B32ACB257A5F0600BE1EE5 /* ParallaxCarousel.app */,
				00B32AD3257A5F0600BE1EE5 /* ParallaxCarousel.app */,
			);
			name = Products;
			sourceTree = "<group>";
		};
		00B32ACD257A5F0600BE1EE5 /* iOS */ = {
			isa = PBXGroup;
			children = (
				00B32ACE257A5F0600BE1EE5 /* Info.plist */,
			);
			path = iOS;
			sourceTree = "<group>";
		};
		00B32AD4257A5F0600BE1EE5 /* macOS */ = {
			isa = PBXGroup;
			children = (
				00B32AD5257A5F0600BE1EE5 /* Info.plist */,
				00B32AD6257A5F0600BE1EE5 /* macOS.entitlements */,
			);
			path = macOS;
			sourceTree = "<group>";
		};
/* End PBXGroup section */

/* Begin PBXNativeTarget section */
		00B32ACA257A5F0600BE1EE5 /* ParallaxCarousel (iOS) */ = {
			isa = PBXNativeTarget;
			buildConfigurationList = 00B32ADF257A5F0600BE1EE5 /* Build configuration list for PBXNativeTarget "ParallaxCarousel (iOS)" */;
			buildPhases = (
				00B32AC7257A5F0600BE1EE5 /* Sources */,
				00B32AC8257A5F0600BE1EE5 /* Frameworks */,
				00B32AC9257A5F0600BE1EE5 /* Resources */,
			);
			buildRules = (
			);
			dependencies = (
			);
			name = "ParallaxCarousel (iOS)";
			productName = "ParallaxCarousel (iOS)";
			productReference = 00B32ACB257A5F0600BE1EE5 /* ParallaxCarousel.app */;
			productType = "com.apple.product-type.application";
		};
		00B32AD2257A5F0600BE1EE5 /* ParallaxCarousel (macOS) */ = {
			isa = PBXNativeTarget;
			buildConfigurationList = 00B32AE2257A5F0600BE1EE5 /* Build configuration list for PBXNativeTarget "ParallaxCarousel (macOS)" */;
			buildPhases = (
				00B32ACF257A5F0600BE1EE5 /* Sources */,
				00B32AD0257A5F0600BE1EE5 /* Frameworks */,
				00B32AD1257A5F0600BE1EE5 /* Resources */,
			);
			buildRules = (
			);
			dependencies = (
			);
			name = "ParallaxCarousel (macOS)";
			productName = "ParallaxCarousel (macOS)";
			productReference = 00B32AD3257A5F0600BE1EE5 /* ParallaxCarousel.app */;
			productType = "com.apple.product-type.application";
		};
/* End PBXNativeTarget section */

/* Begin PBXProject section */
		00B32ABF257A5F0500BE1EE5 /* Project object */ = {
			isa = PBXProject;
			attributes = {
				LastSwiftUpdateCheck = 1220;
				LastUpgradeCheck = 1220;
				TargetAttributes = {
					00B32ACA257A5F0600BE1EE5 = {
						CreatedOnToolsVersion = 12.2;
					};
					00B32AD2257A5F0600BE1EE5 = {
						CreatedOnToolsVersion = 12.2;
					};
				};
			};
			buildConfigurationList = 00B32AC2257A5F0500BE1EE5 /* Build configuration list for PBXProject "ParallaxCarousel" */;
			compatibilityVersion = "Xcode 9.3";
			developmentRegion = en;
			hasScannedForEncodings = 0;
			knownRegions = (
				en,
				Base,
			);
			mainGroup = 00B32ABE257A5F0500BE1EE5;
			productRefGroup = 00B32ACC257A5F0600BE1EE5 /* Products */;
			projectDirPath = "";
			projectRoot = "";
			targets = (
				00B32ACA257A5F0600BE1EE5 /* ParallaxCarousel (iOS) */,
				00B32AD2257A5F0600BE1EE5 /* ParallaxCarousel (macOS) */,
			);
		};
/* End PBXProject section */

/* Begin PBXResourcesBuildPhase section */
		00B32AC9257A5F0600BE1EE5 /* Resources */ = {
			isa = PBXResourcesBuildPhase;
			buildActionMask = 2147483647;
			files = (
				00B32AF1257A5FC100BE1EE5 /* Assets.xcassets in Resources */,
			);
			runOnlyForDeploymentPostprocessing = 0;
		};
		00B32AD1257A5F0600BE1EE5 /* Resources */ = {
			isa = PBXResourcesBuildPhase;
			buildActionMask = 2147483647;
			files = (
				00B32AF2257A5FC100BE1EE5 /* Assets.xcassets in Resources */,
			);
			runOnlyForDeploymentPostprocessing = 0;
		};
/* End PBXResourcesBuildPhase section */

/* Begin PBXSourcesBuildPhase section */
		00B32AC7257A5F0600BE1EE5 /* Sources */ = {
			isa = PBXSourcesBuildPhase;
			buildActionMask = 2147483647;
			files = (
				00B32AD9257A5F0600BE1EE5 /* ContentView.swift in Sources */,
				00B32AE8257A5F6900BE1EE5 /* Home.swift in Sources */,
				00B32AD7257A5F0600BE1EE5 /* ParallaxCarouselApp.swift in Sources */,
			);
			runOnlyForDeploymentPostprocessing = 0;
		};
		00B32ACF257A5F0600BE1EE5 /* Sources */ = {
			isa = PBXSourcesBuildPhase;
			buildActionMask = 2147483647;
			files = (
				00B32ADA257A5F0600BE1EE5 /* ContentView.swift in Sources */,
				00B32AE9257A5F6900BE1EE5 /* Home.swift in Sources */,
				00B32AD8257A5F0600BE1EE5 /* ParallaxCarouselApp.swift in Sources */,
			);
			runOnlyForDeploymentPostprocessing = 0;
		};
/* End PBXSourcesBuildPhase section */

/* Begin XCBuildConfiguration section */
		00B32ADD257A5F0600BE1EE5 /* Debug */ = {
			isa = XCBuildConfiguration;
			buildSettings = {
				ALWAYS_SEARCH_USER_PATHS = NO;
				CLANG_ANALYZER_NONNULL = YES;
				CLANG_ANALYZER_NUMBER_OBJECT_CONVERSION = YES_AGGRESSIVE;
				CLANG_CXX_LANGUAGE_STANDARD = "gnu++14";
				CLANG_CXX_LIBRARY = "libc++";
				CLANG_ENABLE_MODULES = YES;
				CLANG_ENABLE_OBJC_ARC = YES;
				CLANG_ENABLE_OBJC_WEAK = YES;
				CLANG_WARN_BLOCK_CAPTURE_AUTORELEASING = YES;
				CLANG_WARN_BOOL_CONVERSION = YES;
				CLANG_WARN_COMMA = YES;
				CLANG_WARN_CONSTANT_CONVERSION = YES;
				CLANG_WARN_DEPRECATED_OBJC_IMPLEMENTATIONS = YES;
				CLANG_WARN_DIRECT_OBJC_ISA_USAGE = YES_ERROR;
				CLANG_WARN_DOCUMENTATION_COMMENTS = YES;
				CLANG_WARN_EMPTY_BODY = YES;
				CLANG_WARN_ENUM_CONVERSION = YES;
				CLANG_WARN_INFINITE_RECURSION = YES;
				CLANG_WARN_INT_CONVERSION = YES;
				CLANG_WARN_NON_LITERAL_NULL_CONVERSION = YES;
				CLANG_WARN_OBJC_IMPLICIT_RETAIN_SELF = YES;
				CLANG_WARN_OBJC_LITERAL_CONVERSION = YES;
				CLANG_WARN_OBJC_ROOT_CLASS = YES_ERROR;
				CLANG_WARN_QUOTED_INCLUDE_IN_FRAMEWORK_HEADER = YES;
				CLANG_WARN_RANGE_LOOP_ANALYSIS = YES;
				CLANG_WARN_STRICT_PROTOTYPES = YES;
				CLANG_WARN_SUSPICIOUS_MOVE = YES;
				CLANG_WARN_UNGUARDED_AVAILABILITY = YES_AGGRESSIVE;
				CLANG_WARN_UNREACHABLE_CODE = YES;
				CLANG_WARN__DUPLICATE_METHOD_MATCH = YES;
				COPY_PHASE_STRIP = NO;
				DEBUG_INFORMATION_FORMAT = dwarf;
				ENABLE_STRICT_OBJC_MSGSEND = YES;
				ENABLE_TESTABILITY = YES;
				GCC_C_LANGUAGE_STANDARD = gnu11;
				GCC_DYNAMIC_NO_PIC = NO;
				GCC_NO_COMMON_BLOCKS = YES;
				GCC_OPTIMIZATION_LEVEL = 0;
				GCC_PREPROCESSOR_DEFINITIONS = (
					"DEBUG=1",
					"$(inherited)",
				);
				GCC_WARN_64_TO_32_BIT_CONVERSION = YES;
				GCC_WARN_ABOUT_RETURN_TYPE = YES_ERROR;
				GCC_WARN_UNDECLARED_SELECTOR = YES;
				GCC_WARN_UNINITIALIZED_AUTOS = YES_AGGRESSIVE;
				GCC_WARN_UNUSED_FUNCTION = YES;
				GCC_WARN_UNUSED_VARIABLE = YES;
				MTL_ENABLE_DEBUG_INFO = INCLUDE_SOURCE;
				MTL_FAST_MATH = YES;
				ONLY_ACTIVE_ARCH = YES;
				SWIFT_ACTIVE_COMPILATION_CONDITIONS = DEBUG;
				SWIFT_OPTIMIZATION_LEVEL = "-Onone";
			};
			name = Debug;
		};
		00B32ADE257A5F0600BE1EE5 /* Release */ = {
			isa = XCBuildConfiguration;
			buildSettings = {
				ALWAYS_SEARCH_USER_PATHS = NO;
				CLANG_ANALYZER_NONNULL = YES;
				CLANG_ANALYZER_NUMBER_OBJECT_CONVERSION = YES_AGGRESSIVE;
				CLANG_CXX_LANGUAGE_STANDARD = "gnu++14";
				CLANG_CXX_LIBRARY = "libc++";
				CLANG_ENABLE_MODULES = YES;
				CLANG_ENABLE_OBJC_ARC = YES;
				CLANG_ENABLE_OBJC_WEAK = YES;
				CLANG_WARN_BLOCK_CAPTURE_AUTORELEASING = YES;
				CLANG_WARN_BOOL_CONVERSION = YES;
				CLANG_WARN_COMMA = YES;
				CLANG_WARN_CONSTANT_CONVERSION = YES;
				CLANG_WARN_DEPRECATED_OBJC_IMPLEMENTATIONS = YES;
				CLANG_WARN_DIRECT_OBJC_ISA_USAGE = YES_ERROR;
				CLANG_WARN_DOCUMENTATION_COMMENTS = YES;
				CLANG_WARN_EMPTY_BODY = YES;
				CLANG_WARN_ENUM_CONVERSION = YES;
				CLANG_WARN_INFINITE_RECURSION = YES;
				CLANG_WARN_INT_CONVERSION = YES;
				CLANG_WARN_NON_LITERAL_NULL_CONVERSION = YES;
				CLANG_WARN_OBJC_IMPLICIT_RETAIN_SELF = YES;
				CLANG_WARN_OBJC_LITERAL_CONVERSION = YES;
				CLANG_WARN_OBJC_ROOT_CLASS = YES_ERROR;
				CLANG_WARN_QUOTED_INCLUDE_IN_FRAMEWORK_HEADER = YES;
				CLANG_WARN_RANGE_LOOP_ANALYSIS = YES;
				CLANG_WARN_STRICT_PROTOTYPES = YES;
				CLANG_WARN_SUSPICIOUS_MOVE = YES;
				CLANG_WARN_UNGUARDED_AVAILABILITY = YES_AGGRESSIVE;
				CLANG_WARN_UNREACHABLE_CODE = YES;
				CLANG_WARN__DUPLICATE_METHOD_MATCH = YES;
				COPY_PHASE_STRIP = NO;
				DEBUG_INFORMATION_FORMAT = "dwarf-with-dsym";
				ENABLE_NS_ASSERTIONS = NO;
				ENABLE_STRICT_OBJC_MSGSEND = YES;
				GCC_C_LANGUAGE_STANDARD = gnu11;
				GCC_NO_COMMON_BLOCKS = YES;
				GCC_WARN_64_TO_32_BIT_CONVERSION = YES;
				GCC_WARN_ABOUT_RETURN_TYPE = YES_ERROR;
				GCC_WARN_UNDECLARED_SELECTOR = YES;
				GCC_WARN_UNINITIALIZED_AUTOS = YES_AGGRESSIVE;
				GCC_WARN_UNUSED_FUNCTION = YES;
				GCC_WARN_UNUSED_VARIABLE = YES;
				MTL_ENABLE_DEBUG_INFO = NO;
				MTL_FAST_MATH = YES;
				SWIFT_COMPILATION_MODE = wholemodule;
				SWIFT_OPTIMIZATION_LEVEL = "-O";
			};
			name = Release;
		};
		00B32AE0257A5F0600BE1EE5 /* Debug */ = {
			isa = XCBuildConfiguration;
			buildSettings = {
				ASSETCATALOG_COMPILER_APPICON_NAME = AppIcon;
				ASSETCATALOG_COMPILER_GLOBAL_ACCENT_COLOR_NAME = AccentColor;
				CODE_SIGN_STYLE = Automatic;
				DEVELOPMENT_TEAM = 4473R8PQA5;
				ENABLE_PREVIEWS = YES;
				INFOPLIST_FILE = iOS/Info.plist;
				IPHONEOS_DEPLOYMENT_TARGET = 14.0;
				LD_RUNPATH_SEARCH_PATHS = (
					"$(inherited)",
					"@executable_path/Frameworks",
				);
				PRODUCT_BUNDLE_IDENTIFIER = dev.fabiosalata.ParallaxCarousel;
				PRODUCT_NAME = ParallaxCarousel;
				SDKROOT = iphoneos;
				SWIFT_VERSION = 5.0;
				TARGETED_DEVICE_FAMILY = "1,2";
			};
			name = Debug;
		};
		00B32AE1257A5F0600BE1EE5 /* Release */ = {
			isa = XCBuildConfiguration;
			buildSettings = {
				ASSETCATALOG_COMPILER_APPICON_NAME = AppIcon;
				ASSETCATALOG_COMPILER_GLOBAL_ACCENT_COLOR_NAME = AccentColor;
				CODE_SIGN_STYLE = Automatic;
				DEVELOPMENT_TEAM = 4473R8PQA5;
				ENABLE_PREVIEWS = YES;
				INFOPLIST_FILE = iOS/Info.plist;
				IPHONEOS_DEPLOYMENT_TARGET = 14.0;
				LD_RUNPATH_SEARCH_PATHS = (
					"$(inherited)",
					"@executable_path/Frameworks",
				);
				PRODUCT_BUNDLE_IDENTIFIER = dev.fabiosalata.ParallaxCarousel;
				PRODUCT_NAME = ParallaxCarousel;
				SDKROOT = iphoneos;
				SWIFT_VERSION = 5.0;
				TARGETED_DEVICE_FAMILY = "1,2";
				VALIDATE_PRODUCT = YES;
			};
			name = Release;
		};
		00B32AE3257A5F0600BE1EE5 /* Debug */ = {
			isa = XCBuildConfiguration;
			buildSettings = {
				ASSETCATALOG_COMPILER_APPICON_NAME = AppIcon;
				ASSETCATALOG_COMPILER_GLOBAL_ACCENT_COLOR_NAME = AccentColor;
				CODE_SIGN_ENTITLEMENTS = macOS/macOS.entitlements;
				CODE_SIGN_STYLE = Automatic;
				COMBINE_HIDPI_IMAGES = YES;
				DEVELOPMENT_TEAM = 4473R8PQA5;
				ENABLE_HARDENED_RUNTIME = YES;
				ENABLE_PREVIEWS = YES;
				INFOPLIST_FILE = macOS/Info.plist;
				LD_RUNPATH_SEARCH_PATHS = (
					"$(inherited)",
					"@executable_path/../Frameworks",
				);
				MACOSX_DEPLOYMENT_TARGET = 11.0;
				PRODUCT_BUNDLE_IDENTIFIER = dev.fabiosalata.ParallaxCarousel;
				PRODUCT_NAME = ParallaxCarousel;
				SDKROOT = macosx;
				SWIFT_VERSION = 5.0;
			};
			name = Debug;
		};
		00B32AE4257A5F0600BE1EE5 /* Release */ = {
			isa = XCBuildConfiguration;
			buildSettings = {
				ASSETCATALOG_COMPILER_APPICON_NAME = AppIcon;
				ASSETCATALOG_COMPILER_GLOBAL_ACCENT_COLOR_NAME = AccentColor;
				CODE_SIGN_ENTITLEMENTS = macOS/macOS.entitlements;
				CODE_SIGN_STYLE = Automatic;
				COMBINE_HIDPI_IMAGES = YES;
				DEVELOPMENT_TEAM = 4473R8PQA5;
				ENABLE_HARDENED_RUNTIME = YES;
				ENABLE_PREVIEWS = YES;
				INFOPLIST_FILE = macOS/Info.plist;
				LD_RUNPATH_SEARCH_PATHS = (
					"$(inherited)",
					"@executable_path/../Frameworks",
				);
				MACOSX_DEPLOYMENT_TARGET = 11.0;
				PRODUCT_BUNDLE_IDENTIFIER = dev.fabiosalata.ParallaxCarousel;
				PRODUCT_NAME = ParallaxCarousel;
				SDKROOT = macosx;
				SWIFT_VERSION = 5.0;
			};
			name = Release;
		};
/* End XCBuildConfiguration section */

/* Begin XCConfigurationList section */
		00B32AC2257A5F0500BE1EE5 /* Build configuration list for PBXProject "ParallaxCarousel" */ = {
			isa = XCConfigurationList;
			buildConfigurations = (
				00B32ADD257A5F0600BE1EE5 /* Debug */,
				00B32ADE257A5F0600BE1EE5 /* Release */,
			);
			defaultConfigurationIsVisible = 0;
			defaultConfigurationName = Release;
		};
		00B32ADF257A5F0600BE1EE5 /* Build configuration list for PBXNativeTarget "ParallaxCarousel (iOS)" */ = {
			isa = XCConfigurationList;
			buildConfigurations = (
				00B32AE0257A5F0600BE1EE5 /* Debug */,
				00B32AE1257A5F0600BE1EE5 /* Release */,
			);
			defaultConfigurationIsVisible = 0;
			defaultConfigurationName = Release;
		};
		00B32AE2257A5F0600BE1EE5 /* Build configuration list for PBXNativeTarget "ParallaxCarousel (macOS)" */ = {
			isa = XCConfigurationList;
			buildConfigurations = (
				00B32AE3257A5F0600BE1EE5 /* Debug */,
				00B32AE4257A5F0600BE1EE5 /* Release */,
			);
			defaultConfigurationIsVisible = 0;
			defaultConfigurationName = Release;
		};
/* End XCConfigurationList section */
	};
	rootObject = 00B32ABF257A5F0500BE1EE5 /* Project object */;
}
